
Microsoft Visual Studio Solution File, Format Version 12.00
# Visual Studio Version 16
VisualStudioVersion = 16.0.29509.3
MinimumVisualStudioVersion = 10.0.40219.1
Project("{FAE04EC0-301F-11D3-BF4B-00C04F79EFBC}") = "MobileDebug_WPF", "MobileDebug_WPF\MobileDebug_WPF.csproj", "{827EC673-04CB-4A41-AD77-9BC1940FEA81}"
EndProject
Global
	GlobalSection(SolutionConfigurationPlatforms) = preSolution
		Debug|Any CPU = Debug|Any CPU
		Release|Any CPU = Release|Any CPU
	EndGlobalSection
	GlobalSection(ProjectConfigurationPlatforms) = postSolution
		{827EC673-04CB-4A41-AD77-9BC1940FEA81}.Debug|Any CPU.ActiveCfg = Debug|Any CPU
		{827EC673-04CB-4A41-AD77-9BC1940FEA81}.Debug|Any CPU.Build.0 = Debug|Any CPU
		{827EC673-04CB-4A41-AD77-9BC1940FEA81}.Release|Any CPU.ActiveCfg = Release|Any CPU
		{827EC673-04CB-4A41-AD77-9BC1940FEA81}.Release|Any CPU.Build.0 = Release|Any CPU
	EndGlobalSection
	GlobalSection(SolutionProperties) = preSolution
		HideSolutionNode = FALSE
	EndGlobalSection
	GlobalSection(ExtensibilityGlobals) = postSolution
		SolutionGuid = {3728CF4A-4953-45B8-9A2B-10B07F70DF2B}
	EndGlobalSection
EndGlobal
