
Microsoft Visual Studio Solution File, Format Version 12.00
# Visual Studio Version 16
VisualStudioVersion = 16.0.31727.386
MinimumVisualStudioVersion = 10.0.40219.1
Project("{9A19103F-16F7-4668-BE54-9A1E7A4F7556}") = "MobileDebug_WPF", "MobileDebug_WPF\MobileDebug_WPF.csproj", "{BEF6E310-37EF-422F-9DE0-1DBD3A32825E}"
EndProject
Project("{FAE04EC0-301F-11D3-BF4B-00C04F79EFBC}") = "MobileLogs", "..\MobileLogs\MobileLogs\MobileLogs.csproj", "{E8DBE6E4-62DC-432A-BD20-E89B595B4ED8}"
EndProject
Project("{FAE04EC0-301F-11D3-BF4B-00C04F79EFBC}") = "MobileMap", "..\MobileMap\MobileMap\MobileMap.csproj", "{D114F61A-32CA-465B-A6AE-A0CDE321ED3B}"
EndProject
Project("{FAE04EC0-301F-11D3-BF4B-00C04F79EFBC}") = "RingBuffer", "..\RingBuffer\RingBuffer\RingBuffer.csproj", "{1B984D6C-AD49-40CD-AFCC-B96C4AD8F489}"
EndProject
Project("{FAE04EC0-301F-11D3-BF4B-00C04F79EFBC}") = "FileSearch", "..\FileSearch\FileSearch\FileSearch.csproj", "{0929EC2A-EFEF-4D27-88A3-CBC1BCE0DA4B}"
EndProject
Global
	GlobalSection(SolutionConfigurationPlatforms) = preSolution
		Debug|Any CPU = Debug|Any CPU
		Local Release|Any CPU = Local Release|Any CPU
		Release|Any CPU = Release|Any CPU
	EndGlobalSection
	GlobalSection(ProjectConfigurationPlatforms) = postSolution
		{BEF6E310-37EF-422F-9DE0-1DBD3A32825E}.Debug|Any CPU.ActiveCfg = Debug|Any CPU
		{BEF6E310-37EF-422F-9DE0-1DBD3A32825E}.Debug|Any CPU.Build.0 = Debug|Any CPU
		{BEF6E310-37EF-422F-9DE0-1DBD3A32825E}.Local Release|Any CPU.ActiveCfg = Release|Any CPU
		{BEF6E310-37EF-422F-9DE0-1DBD3A32825E}.Local Release|Any CPU.Build.0 = Release|Any CPU
		{BEF6E310-37EF-422F-9DE0-1DBD3A32825E}.Release|Any CPU.ActiveCfg = Release|Any CPU
		{BEF6E310-37EF-422F-9DE0-1DBD3A32825E}.Release|Any CPU.Build.0 = Release|Any CPU
		{E8DBE6E4-62DC-432A-BD20-E89B595B4ED8}.Debug|Any CPU.ActiveCfg = Debug|Any CPU
		{E8DBE6E4-62DC-432A-BD20-E89B595B4ED8}.Debug|Any CPU.Build.0 = Debug|Any CPU
		{E8DBE6E4-62DC-432A-BD20-E89B595B4ED8}.Local Release|Any CPU.ActiveCfg = Local Release|Any CPU
		{E8DBE6E4-62DC-432A-BD20-E89B595B4ED8}.Local Release|Any CPU.Build.0 = Local Release|Any CPU
		{E8DBE6E4-62DC-432A-BD20-E89B595B4ED8}.Release|Any CPU.ActiveCfg = Release|Any CPU
		{E8DBE6E4-62DC-432A-BD20-E89B595B4ED8}.Release|Any CPU.Build.0 = Release|Any CPU
		{D114F61A-32CA-465B-A6AE-A0CDE321ED3B}.Debug|Any CPU.ActiveCfg = Debug|Any CPU
		{D114F61A-32CA-465B-A6AE-A0CDE321ED3B}.Debug|Any CPU.Build.0 = Debug|Any CPU
		{D114F61A-32CA-465B-A6AE-A0CDE321ED3B}.Local Release|Any CPU.ActiveCfg = Local Release|Any CPU
		{D114F61A-32CA-465B-A6AE-A0CDE321ED3B}.Local Release|Any CPU.Build.0 = Local Release|Any CPU
		{D114F61A-32CA-465B-A6AE-A0CDE321ED3B}.Release|Any CPU.ActiveCfg = Release|Any CPU
		{D114F61A-32CA-465B-A6AE-A0CDE321ED3B}.Release|Any CPU.Build.0 = Release|Any CPU
		{1B984D6C-AD49-40CD-AFCC-B96C4AD8F489}.Debug|Any CPU.ActiveCfg = Debug|Any CPU
		{1B984D6C-AD49-40CD-AFCC-B96C4AD8F489}.Debug|Any CPU.Build.0 = Debug|Any CPU
		{1B984D6C-AD49-40CD-AFCC-B96C4AD8F489}.Local Release|Any CPU.ActiveCfg = Release|Any CPU
		{1B984D6C-AD49-40CD-AFCC-B96C4AD8F489}.Local Release|Any CPU.Build.0 = Release|Any CPU
		{1B984D6C-AD49-40CD-AFCC-B96C4AD8F489}.Release|Any CPU.ActiveCfg = Release|Any CPU
		{1B984D6C-AD49-40CD-AFCC-B96C4AD8F489}.Release|Any CPU.Build.0 = Release|Any CPU
		{0929EC2A-EFEF-4D27-88A3-CBC1BCE0DA4B}.Debug|Any CPU.ActiveCfg = Debug|Any CPU
		{0929EC2A-EFEF-4D27-88A3-CBC1BCE0DA4B}.Debug|Any CPU.Build.0 = Debug|Any CPU
		{0929EC2A-EFEF-4D27-88A3-CBC1BCE0DA4B}.Local Release|Any CPU.ActiveCfg = Release|Any CPU
		{0929EC2A-EFEF-4D27-88A3-CBC1BCE0DA4B}.Local Release|Any CPU.Build.0 = Release|Any CPU
		{0929EC2A-EFEF-4D27-88A3-CBC1BCE0DA4B}.Release|Any CPU.ActiveCfg = Release|Any CPU
		{0929EC2A-EFEF-4D27-88A3-CBC1BCE0DA4B}.Release|Any CPU.Build.0 = Release|Any CPU
	EndGlobalSection
	GlobalSection(SolutionProperties) = preSolution
		HideSolutionNode = FALSE
	EndGlobalSection
	GlobalSection(ExtensibilityGlobals) = postSolution
		SolutionGuid = {7B4BF026-EE9A-48A9-9741-7FA608EF7FD3}
	EndGlobalSection
EndGlobal
